
Microsoft Visual Studio Solution File, Format Version 12.00
# Visual Studio Version 16
VisualStudioVersion = 16.0.31729.503
MinimumVisualStudioVersion = 10.0.40219.1
Project("{FAE04EC0-301F-11D3-BF4B-00C04F79EFBC}") = "QUIZ01_9156242_1", "QUIZ01_9156242_1\QUIZ01_9156242_1.csproj", "{2F5D7CE6-8B00-4EF6-B3FF-B86AB6C3B807}"
EndProject
Global
	GlobalSection(SolutionConfigurationPlatforms) = preSolution
		Debug|Any CPU = Debug|Any CPU
		Release|Any CPU = Release|Any CPU
	EndGlobalSection
	GlobalSection(ProjectConfigurationPlatforms) = postSolution
		{2F5D7CE6-8B00-4EF6-B3FF-B86AB6C3B807}.Debug|Any CPU.ActiveCfg = Debug|Any CPU
		{2F5D7CE6-8B00-4EF6-B3FF-B86AB6C3B807}.Debug|Any CPU.Build.0 = Debug|Any CPU
		{2F5D7CE6-8B00-4EF6-B3FF-B86AB6C3B807}.Release|Any CPU.ActiveCfg = Release|Any CPU
		{2F5D7CE6-8B00-4EF6-B3FF-B86AB6C3B807}.Release|Any CPU.Build.0 = Release|Any CPU
	EndGlobalSection
	GlobalSection(SolutionProperties) = preSolution
		HideSolutionNode = FALSE
	EndGlobalSection
	GlobalSection(ExtensibilityGlobals) = postSolution
		SolutionGuid = {18DE1D22-BAC0-4A81-9AEE-A6B32ED86EAE}
	EndGlobalSection
EndGlobal
